
Microsoft Visual Studio Solution File, Format Version 11.00
# Visual Studio 2010
Project("{FAE04EC0-301F-11D3-BF4B-00C04F79EFBC}") = "khs-interval-lib", "khs-interval-lib\khs-interval-lib.csproj", "{CCE7685F-2B0C-43E7-9A93-717468187218}"
EndProject
Project("{FAE04EC0-301F-11D3-BF4B-00C04F79EFBC}") = "khs-interval", "khs-interval\khs-interval.csproj", "{5F35F248-BC6C-4228-8926-194B1230BE2D}"
EndProject
Global
	GlobalSection(SolutionConfigurationPlatforms) = preSolution
		Debug|iPhoneSimulator = Debug|iPhoneSimulator
		Release|iPhoneSimulator = Release|iPhoneSimulator
		Debug|iPhone = Debug|iPhone
		Release|iPhone = Release|iPhone
		Default|Any CPU = Default|Any CPU
		Ad-Hoc|iPhone = Ad-Hoc|iPhone
		AppStore|iPhone = AppStore|iPhone
	EndGlobalSection
	GlobalSection(ProjectConfigurationPlatforms) = postSolution
		{5F35F248-BC6C-4228-8926-194B1230BE2D}.Ad-Hoc|iPhone.ActiveCfg = Ad-Hoc|iPhone
		{5F35F248-BC6C-4228-8926-194B1230BE2D}.Ad-Hoc|iPhone.Build.0 = Ad-Hoc|iPhone
		{5F35F248-BC6C-4228-8926-194B1230BE2D}.AppStore|iPhone.ActiveCfg = AppStore|iPhone
		{5F35F248-BC6C-4228-8926-194B1230BE2D}.AppStore|iPhone.Build.0 = AppStore|iPhone
		{5F35F248-BC6C-4228-8926-194B1230BE2D}.Debug|iPhone.ActiveCfg = Debug|iPhone
		{5F35F248-BC6C-4228-8926-194B1230BE2D}.Debug|iPhone.Build.0 = Debug|iPhone
		{5F35F248-BC6C-4228-8926-194B1230BE2D}.Debug|iPhoneSimulator.ActiveCfg = Debug|iPhoneSimulator
		{5F35F248-BC6C-4228-8926-194B1230BE2D}.Debug|iPhoneSimulator.Build.0 = Debug|iPhoneSimulator
		{5F35F248-BC6C-4228-8926-194B1230BE2D}.Default|Any CPU.ActiveCfg = Debug|iPhoneSimulator
		{5F35F248-BC6C-4228-8926-194B1230BE2D}.Default|Any CPU.Build.0 = Debug|iPhoneSimulator
		{5F35F248-BC6C-4228-8926-194B1230BE2D}.Release|iPhone.ActiveCfg = Release|iPhone
		{5F35F248-BC6C-4228-8926-194B1230BE2D}.Release|iPhone.Build.0 = Release|iPhone
		{5F35F248-BC6C-4228-8926-194B1230BE2D}.Release|iPhoneSimulator.ActiveCfg = Release|iPhoneSimulator
		{5F35F248-BC6C-4228-8926-194B1230BE2D}.Release|iPhoneSimulator.Build.0 = Release|iPhoneSimulator
		{CCE7685F-2B0C-43E7-9A93-717468187218}.Debug|iPhone.ActiveCfg = Debug|Any CPU
		{CCE7685F-2B0C-43E7-9A93-717468187218}.Debug|iPhone.Build.0 = Debug|Any CPU
		{CCE7685F-2B0C-43E7-9A93-717468187218}.Debug|iPhoneSimulator.ActiveCfg = Debug|Any CPU
		{CCE7685F-2B0C-43E7-9A93-717468187218}.Debug|iPhoneSimulator.Build.0 = Debug|Any CPU
		{CCE7685F-2B0C-43E7-9A93-717468187218}.Default|Any CPU.ActiveCfg = Debug|Any CPU
		{CCE7685F-2B0C-43E7-9A93-717468187218}.Default|Any CPU.Build.0 = Debug|Any CPU
		{CCE7685F-2B0C-43E7-9A93-717468187218}.Release|iPhone.ActiveCfg = Release|Any CPU
		{CCE7685F-2B0C-43E7-9A93-717468187218}.Release|iPhone.Build.0 = Release|Any CPU
		{CCE7685F-2B0C-43E7-9A93-717468187218}.Release|iPhoneSimulator.ActiveCfg = Release|Any CPU
		{CCE7685F-2B0C-43E7-9A93-717468187218}.Release|iPhoneSimulator.Build.0 = Release|Any CPU
	EndGlobalSection
	GlobalSection(MonoDevelopProperties) = preSolution
		StartupItem = khs-interval\khs-interval.csproj
	EndGlobalSection
EndGlobal
